
Microsoft Visual Studio Solution File, Format Version 12.00
# Visual Studio Version 16
VisualStudioVersion = 16.0.29509.3
MinimumVisualStudioVersion = 10.0.40219.1
Project("{8BC9CEB8-8B4A-11D0-8D11-00A0C91BC942}") = "CPP1", "CPP1\CPP1.vcxproj", "{EA3E0178-56F4-498B-B961-0DC3638FBE7D}"
EndProject
Project("{8BC9CEB8-8B4A-11D0-8D11-00A0C91BC942}") = "Arbeitsauftrag1", "Arbeitsauftrag1\Arbeitsauftrag1.vcxproj", "{AA6BE390-8ED0-4947-B0D6-9013608205D1}"
EndProject
Project("{8BC9CEB8-8B4A-11D0-8D11-00A0C91BC942}") = "OOP1", "OOP1\OOP1.vcxproj", "{12012818-A87A-4F73-B809-524BB58EE639}"
EndProject
Project("{8BC9CEB8-8B4A-11D0-8D11-00A0C91BC942}") = "testclock", "testclock\testclock.vcxproj", "{BAEB22AF-9D7E-4062-835E-D871D9F643B5}"
EndProject
Project("{8BC9CEB8-8B4A-11D0-8D11-00A0C91BC942}") = "TimerShipments", "TimerShipments\TimerShipments.vcxproj", "{D85F4CF0-1411-4246-9773-F255950CAB94}"
EndProject
Project("{8BC9CEB8-8B4A-11D0-8D11-00A0C91BC942}") = "Lambdas", "Lambdas\Lambdas.vcxproj", "{47157C62-C622-4754-BF55-D486A982D4D2}"
EndProject
Project("{8BC9CEB8-8B4A-11D0-8D11-00A0C91BC942}") = "Things_about_Classes", "Things_about_Classes\Things_about_Classes.vcxproj", "{C320545A-BDF7-4CC2-8608-D50DAC2F575C}"
EndProject
Global
	GlobalSection(SolutionConfigurationPlatforms) = preSolution
		Debug|x64 = Debug|x64
		Debug|x86 = Debug|x86
		Release|x64 = Release|x64
		Release|x86 = Release|x86
	EndGlobalSection
	GlobalSection(ProjectConfigurationPlatforms) = postSolution
		{EA3E0178-56F4-498B-B961-0DC3638FBE7D}.Debug|x64.ActiveCfg = Debug|x64
		{EA3E0178-56F4-498B-B961-0DC3638FBE7D}.Debug|x64.Build.0 = Debug|x64
		{EA3E0178-56F4-498B-B961-0DC3638FBE7D}.Debug|x86.ActiveCfg = Debug|Win32
		{EA3E0178-56F4-498B-B961-0DC3638FBE7D}.Debug|x86.Build.0 = Debug|Win32
		{EA3E0178-56F4-498B-B961-0DC3638FBE7D}.Release|x64.ActiveCfg = Release|x64
		{EA3E0178-56F4-498B-B961-0DC3638FBE7D}.Release|x64.Build.0 = Release|x64
		{EA3E0178-56F4-498B-B961-0DC3638FBE7D}.Release|x86.ActiveCfg = Release|Win32
		{EA3E0178-56F4-498B-B961-0DC3638FBE7D}.Release|x86.Build.0 = Release|Win32
		{AA6BE390-8ED0-4947-B0D6-9013608205D1}.Debug|x64.ActiveCfg = Debug|x64
		{AA6BE390-8ED0-4947-B0D6-9013608205D1}.Debug|x64.Build.0 = Debug|x64
		{AA6BE390-8ED0-4947-B0D6-9013608205D1}.Debug|x86.ActiveCfg = Debug|Win32
		{AA6BE390-8ED0-4947-B0D6-9013608205D1}.Debug|x86.Build.0 = Debug|Win32
		{AA6BE390-8ED0-4947-B0D6-9013608205D1}.Release|x64.ActiveCfg = Release|x64
		{AA6BE390-8ED0-4947-B0D6-9013608205D1}.Release|x64.Build.0 = Release|x64
		{AA6BE390-8ED0-4947-B0D6-9013608205D1}.Release|x86.ActiveCfg = Release|Win32
		{AA6BE390-8ED0-4947-B0D6-9013608205D1}.Release|x86.Build.0 = Release|Win32
		{12012818-A87A-4F73-B809-524BB58EE639}.Debug|x64.ActiveCfg = Debug|x64
		{12012818-A87A-4F73-B809-524BB58EE639}.Debug|x64.Build.0 = Debug|x64
		{12012818-A87A-4F73-B809-524BB58EE639}.Debug|x86.ActiveCfg = Debug|Win32
		{12012818-A87A-4F73-B809-524BB58EE639}.Debug|x86.Build.0 = Debug|Win32
		{12012818-A87A-4F73-B809-524BB58EE639}.Release|x64.ActiveCfg = Release|x64
		{12012818-A87A-4F73-B809-524BB58EE639}.Release|x64.Build.0 = Release|x64
		{12012818-A87A-4F73-B809-524BB58EE639}.Release|x86.ActiveCfg = Release|Win32
		{12012818-A87A-4F73-B809-524BB58EE639}.Release|x86.Build.0 = Release|Win32
		{BAEB22AF-9D7E-4062-835E-D871D9F643B5}.Debug|x64.ActiveCfg = Debug|x64
		{BAEB22AF-9D7E-4062-835E-D871D9F643B5}.Debug|x64.Build.0 = Debug|x64
		{BAEB22AF-9D7E-4062-835E-D871D9F643B5}.Debug|x86.ActiveCfg = Debug|Win32
		{BAEB22AF-9D7E-4062-835E-D871D9F643B5}.Debug|x86.Build.0 = Debug|Win32
		{BAEB22AF-9D7E-4062-835E-D871D9F643B5}.Release|x64.ActiveCfg = Release|x64
		{BAEB22AF-9D7E-4062-835E-D871D9F643B5}.Release|x64.Build.0 = Release|x64
		{BAEB22AF-9D7E-4062-835E-D871D9F643B5}.Release|x86.ActiveCfg = Release|Win32
		{BAEB22AF-9D7E-4062-835E-D871D9F643B5}.Release|x86.Build.0 = Release|Win32
		{D85F4CF0-1411-4246-9773-F255950CAB94}.Debug|x64.ActiveCfg = Debug|x64
		{D85F4CF0-1411-4246-9773-F255950CAB94}.Debug|x64.Build.0 = Debug|x64
		{D85F4CF0-1411-4246-9773-F255950CAB94}.Debug|x86.ActiveCfg = Debug|Win32
		{D85F4CF0-1411-4246-9773-F255950CAB94}.Debug|x86.Build.0 = Debug|Win32
		{D85F4CF0-1411-4246-9773-F255950CAB94}.Release|x64.ActiveCfg = Release|x64
		{D85F4CF0-1411-4246-9773-F255950CAB94}.Release|x64.Build.0 = Release|x64
		{D85F4CF0-1411-4246-9773-F255950CAB94}.Release|x86.ActiveCfg = Release|Win32
		{D85F4CF0-1411-4246-9773-F255950CAB94}.Release|x86.Build.0 = Release|Win32
		{47157C62-C622-4754-BF55-D486A982D4D2}.Debug|x64.ActiveCfg = Debug|x64
		{47157C62-C622-4754-BF55-D486A982D4D2}.Debug|x64.Build.0 = Debug|x64
		{47157C62-C622-4754-BF55-D486A982D4D2}.Debug|x86.ActiveCfg = Debug|Win32
		{47157C62-C622-4754-BF55-D486A982D4D2}.Debug|x86.Build.0 = Debug|Win32
		{47157C62-C622-4754-BF55-D486A982D4D2}.Release|x64.ActiveCfg = Release|x64
		{47157C62-C622-4754-BF55-D486A982D4D2}.Release|x64.Build.0 = Release|x64
		{47157C62-C622-4754-BF55-D486A982D4D2}.Release|x86.ActiveCfg = Release|Win32
		{47157C62-C622-4754-BF55-D486A982D4D2}.Release|x86.Build.0 = Release|Win32
		{C320545A-BDF7-4CC2-8608-D50DAC2F575C}.Debug|x64.ActiveCfg = Debug|x64
		{C320545A-BDF7-4CC2-8608-D50DAC2F575C}.Debug|x64.Build.0 = Debug|x64
		{C320545A-BDF7-4CC2-8608-D50DAC2F575C}.Debug|x86.ActiveCfg = Debug|Win32
		{C320545A-BDF7-4CC2-8608-D50DAC2F575C}.Debug|x86.Build.0 = Debug|Win32
		{C320545A-BDF7-4CC2-8608-D50DAC2F575C}.Release|x64.ActiveCfg = Release|x64
		{C320545A-BDF7-4CC2-8608-D50DAC2F575C}.Release|x64.Build.0 = Release|x64
		{C320545A-BDF7-4CC2-8608-D50DAC2F575C}.Release|x86.ActiveCfg = Release|Win32
		{C320545A-BDF7-4CC2-8608-D50DAC2F575C}.Release|x86.Build.0 = Release|Win32
	EndGlobalSection
	GlobalSection(SolutionProperties) = preSolution
		HideSolutionNode = FALSE
	EndGlobalSection
	GlobalSection(ExtensibilityGlobals) = postSolution
		SolutionGuid = {E8C146D1-4585-449C-B253-03ADA7BAF7DC}
	EndGlobalSection
EndGlobal
