
Microsoft Visual Studio Solution File, Format Version 12.00
# Visual Studio Version 16
VisualStudioVersion = 16.0.29509.3
MinimumVisualStudioVersion = 10.0.40219.1
Project("{8BC9CEB8-8B4A-11D0-8D11-00A0C91BC942}") = "CPP1", "CPP1\CPP1.vcxproj", "{EA3E0178-56F4-498B-B961-0DC3638FBE7D}"
EndProject
Project("{8BC9CEB8-8B4A-11D0-8D11-00A0C91BC942}") = "Arbeitsauftrag1", "Arbeitsauftrag1\Arbeitsauftrag1.vcxproj", "{AA6BE390-8ED0-4947-B0D6-9013608205D1}"
EndProject
Project("{8BC9CEB8-8B4A-11D0-8D11-00A0C91BC942}") = "OOP1", "OOP1\OOP1.vcxproj", "{12012818-A87A-4F73-B809-524BB58EE639}"
EndProject
Global
	GlobalSection(SolutionConfigurationPlatforms) = preSolution
		Debug|x64 = Debug|x64
		Debug|x86 = Debug|x86
		Release|x64 = Release|x64
		Release|x86 = Release|x86
	EndGlobalSection
	GlobalSection(ProjectConfigurationPlatforms) = postSolution
		{EA3E0178-56F4-498B-B961-0DC3638FBE7D}.Debug|x64.ActiveCfg = Debug|x64
		{EA3E0178-56F4-498B-B961-0DC3638FBE7D}.Debug|x64.Build.0 = Debug|x64
		{EA3E0178-56F4-498B-B961-0DC3638FBE7D}.Debug|x86.ActiveCfg = Debug|Win32
		{EA3E0178-56F4-498B-B961-0DC3638FBE7D}.Debug|x86.Build.0 = Debug|Win32
		{EA3E0178-56F4-498B-B961-0DC3638FBE7D}.Release|x64.ActiveCfg = Release|x64
		{EA3E0178-56F4-498B-B961-0DC3638FBE7D}.Release|x64.Build.0 = Release|x64
		{EA3E0178-56F4-498B-B961-0DC3638FBE7D}.Release|x86.ActiveCfg = Release|Win32
		{EA3E0178-56F4-498B-B961-0DC3638FBE7D}.Release|x86.Build.0 = Release|Win32
		{AA6BE390-8ED0-4947-B0D6-9013608205D1}.Debug|x64.ActiveCfg = Debug|x64
		{AA6BE390-8ED0-4947-B0D6-9013608205D1}.Debug|x64.Build.0 = Debug|x64
		{AA6BE390-8ED0-4947-B0D6-9013608205D1}.Debug|x86.ActiveCfg = Debug|Win32
		{AA6BE390-8ED0-4947-B0D6-9013608205D1}.Debug|x86.Build.0 = Debug|Win32
		{AA6BE390-8ED0-4947-B0D6-9013608205D1}.Release|x64.ActiveCfg = Release|x64
		{AA6BE390-8ED0-4947-B0D6-9013608205D1}.Release|x64.Build.0 = Release|x64
		{AA6BE390-8ED0-4947-B0D6-9013608205D1}.Release|x86.ActiveCfg = Release|Win32
		{AA6BE390-8ED0-4947-B0D6-9013608205D1}.Release|x86.Build.0 = Release|Win32
		{12012818-A87A-4F73-B809-524BB58EE639}.Debug|x64.ActiveCfg = Debug|x64
		{12012818-A87A-4F73-B809-524BB58EE639}.Debug|x64.Build.0 = Debug|x64
		{12012818-A87A-4F73-B809-524BB58EE639}.Debug|x86.ActiveCfg = Debug|Win32
		{12012818-A87A-4F73-B809-524BB58EE639}.Debug|x86.Build.0 = Debug|Win32
		{12012818-A87A-4F73-B809-524BB58EE639}.Release|x64.ActiveCfg = Release|x64
		{12012818-A87A-4F73-B809-524BB58EE639}.Release|x64.Build.0 = Release|x64
		{12012818-A87A-4F73-B809-524BB58EE639}.Release|x86.ActiveCfg = Release|Win32
		{12012818-A87A-4F73-B809-524BB58EE639}.Release|x86.Build.0 = Release|Win32
	EndGlobalSection
	GlobalSection(SolutionProperties) = preSolution
		HideSolutionNode = FALSE
	EndGlobalSection
	GlobalSection(ExtensibilityGlobals) = postSolution
		SolutionGuid = {E8C146D1-4585-449C-B253-03ADA7BAF7DC}
	EndGlobalSection
EndGlobal
